// !$*UTF8*$!
{
	archiveVersion = 1;
	classes = {
	};
	objectVersion = 56;
	objects = {

/* Begin PBXBuildFile section */
		493DB5362A98EF60004EED2D /* festivalculc_appApp.swift in Sources */ = {isa = PBXBuildFile; fileRef = 493DB5352A98EF60004EED2D /* festivalculc_appApp.swift */; };
		493DB5382A98EF60004EED2D /* ContentView.swift in Sources */ = {isa = PBXBuildFile; fileRef = 493DB5372A98EF60004EED2D /* ContentView.swift */; };
		493DB53A2A98EF67004EED2D /* Assets.xcassets in Resources */ = {isa = PBXBuildFile; fileRef = 493DB5392A98EF67004EED2D /* Assets.xcassets */; };
		493DB53D2A98EF67004EED2D /* Preview Assets.xcassets in Resources */ = {isa = PBXBuildFile; fileRef = 493DB53C2A98EF67004EED2D /* Preview Assets.xcassets */; };
		493DB5472A98EF68004EED2D /* festivalculc_appTests.swift in Sources */ = {isa = PBXBuildFile; fileRef = 493DB5462A98EF68004EED2D /* festivalculc_appTests.swift */; };
		493DB5512A98EF68004EED2D /* festivalculc_appUITests.swift in Sources */ = {isa = PBXBuildFile; fileRef = 493DB5502A98EF68004EED2D /* festivalculc_appUITests.swift */; };
		493DB5532A98EF68004EED2D /* festivalculc_appUITestsLaunchTests.swift in Sources */ = {isa = PBXBuildFile; fileRef = 493DB5522A98EF68004EED2D /* festivalculc_appUITestsLaunchTests.swift */; };
		493DB5602A98FCDC004EED2D /* SettingsView.swift in Sources */ = {isa = PBXBuildFile; fileRef = 493DB55F2A98FCDB004EED2D /* SettingsView.swift */; };
/* End PBXBuildFile section */

/* Begin PBXContainerItemProxy section */
		493DB5432A98EF68004EED2D /* PBXContainerItemProxy */ = {
			isa = PBXContainerItemProxy;
			containerPortal = 493DB52A2A98EF5F004EED2D /* Project object */;
			proxyType = 1;
			remoteGlobalIDString = 493DB5312A98EF5F004EED2D;
			remoteInfo = "festivalculc-app";
		};
		493DB54D2A98EF68004EED2D /* PBXContainerItemProxy */ = {
			isa = PBXContainerItemProxy;
			containerPortal = 493DB52A2A98EF5F004EED2D /* Project object */;
			proxyType = 1;
			remoteGlobalIDString = 493DB5312A98EF5F004EED2D;
			remoteInfo = "festivalculc-app";
		};
/* End PBXContainerItemProxy section */

/* Begin PBXFileReference section */
		493DB5322A98EF5F004EED2D /* festivalculc-app.app */ = {isa = PBXFileReference; explicitFileType = wrapper.application; includeInIndex = 0; path = "festivalculc-app.app"; sourceTree = BUILT_PRODUCTS_DIR; };
		493DB5352A98EF60004EED2D /* festivalculc_appApp.swift */ = {isa = PBXFileReference; lastKnownFileType = sourcecode.swift; path = festivalculc_appApp.swift; sourceTree = "<group>"; };
		493DB5372A98EF60004EED2D /* ContentView.swift */ = {isa = PBXFileReference; lastKnownFileType = sourcecode.swift; path = ContentView.swift; sourceTree = "<group>"; };
		493DB5392A98EF67004EED2D /* Assets.xcassets */ = {isa = PBXFileReference; lastKnownFileType = folder.assetcatalog; path = Assets.xcassets; sourceTree = "<group>"; };
		493DB53C2A98EF67004EED2D /* Preview Assets.xcassets */ = {isa = PBXFileReference; lastKnownFileType = folder.assetcatalog; path = "Preview Assets.xcassets"; sourceTree = "<group>"; };
		493DB5422A98EF68004EED2D /* festivalculc-appTests.xctest */ = {isa = PBXFileReference; explicitFileType = wrapper.cfbundle; includeInIndex = 0; path = "festivalculc-appTests.xctest"; sourceTree = BUILT_PRODUCTS_DIR; };
		493DB5462A98EF68004EED2D /* festivalculc_appTests.swift */ = {isa = PBXFileReference; lastKnownFileType = sourcecode.swift; path = festivalculc_appTests.swift; sourceTree = "<group>"; };
		493DB54C2A98EF68004EED2D /* festivalculc-appUITests.xctest */ = {isa = PBXFileReference; explicitFileType = wrapper.cfbundle; includeInIndex = 0; path = "festivalculc-appUITests.xctest"; sourceTree = BUILT_PRODUCTS_DIR; };
		493DB5502A98EF68004EED2D /* festivalculc_appUITests.swift */ = {isa = PBXFileReference; lastKnownFileType = sourcecode.swift; path = festivalculc_appUITests.swift; sourceTree = "<group>"; };
		493DB5522A98EF68004EED2D /* festivalculc_appUITestsLaunchTests.swift */ = {isa = PBXFileReference; lastKnownFileType = sourcecode.swift; path = festivalculc_appUITestsLaunchTests.swift; sourceTree = "<group>"; };
		493DB55F2A98FCDB004EED2D /* SettingsView.swift */ = {isa = PBXFileReference; lastKnownFileType = sourcecode.swift; path = SettingsView.swift; sourceTree = "<group>"; };
/* End PBXFileReference section */

/* Begin PBXFrameworksBuildPhase section */
		493DB52F2A98EF5F004EED2D /* Frameworks */ = {
			isa = PBXFrameworksBuildPhase;
			buildActionMask = 2147483647;
			files = (
			);
			runOnlyForDeploymentPostprocessing = 0;
		};
		493DB53F2A98EF68004EED2D /* Frameworks */ = {
			isa = PBXFrameworksBuildPhase;
			buildActionMask = 2147483647;
			files = (
			);
			runOnlyForDeploymentPostprocessing = 0;
		};
		493DB5492A98EF68004EED2D /* Frameworks */ = {
			isa = PBXFrameworksBuildPhase;
			buildActionMask = 2147483647;
			files = (
			);
			runOnlyForDeploymentPostprocessing = 0;
		};
/* End PBXFrameworksBuildPhase section */

/* Begin PBXGroup section */
		493DB5292A98EF5E004EED2D = {
			isa = PBXGroup;
			children = (
				493DB5342A98EF5F004EED2D /* festivalculc-app */,
				493DB5452A98EF68004EED2D /* festivalculc-appTests */,
				493DB54F2A98EF68004EED2D /* festivalculc-appUITests */,
				493DB5332A98EF5F004EED2D /* Products */,
			);
			sourceTree = "<group>";
		};
		493DB5332A98EF5F004EED2D /* Products */ = {
			isa = PBXGroup;
			children = (
				493DB5322A98EF5F004EED2D /* festivalculc-app.app */,
				493DB5422A98EF68004EED2D /* festivalculc-appTests.xctest */,
				493DB54C2A98EF68004EED2D /* festivalculc-appUITests.xctest */,
			);
			name = Products;
			sourceTree = "<group>";
		};
		493DB5342A98EF5F004EED2D /* festivalculc-app */ = {
			isa = PBXGroup;
			children = (
				493DB5352A98EF60004EED2D /* festivalculc_appApp.swift */,
				493DB5372A98EF60004EED2D /* ContentView.swift */,
				493DB5392A98EF67004EED2D /* Assets.xcassets */,
				493DB53B2A98EF67004EED2D /* Preview Content */,
				493DB55F2A98FCDB004EED2D /* SettingsView.swift */,
			);
			path = "festivalculc-app";
			sourceTree = "<group>";
		};
		493DB53B2A98EF67004EED2D /* Preview Content */ = {
			isa = PBXGroup;
			children = (
				493DB53C2A98EF67004EED2D /* Preview Assets.xcassets */,
			);
			path = "Preview Content";
			sourceTree = "<group>";
		};
		493DB5452A98EF68004EED2D /* festivalculc-appTests */ = {
			isa = PBXGroup;
			children = (
				493DB5462A98EF68004EED2D /* festivalculc_appTests.swift */,
			);
			path = "festivalculc-appTests";
			sourceTree = "<group>";
		};
		493DB54F2A98EF68004EED2D /* festivalculc-appUITests */ = {
			isa = PBXGroup;
			children = (
				493DB5502A98EF68004EED2D /* festivalculc_appUITests.swift */,
				493DB5522A98EF68004EED2D /* festivalculc_appUITestsLaunchTests.swift */,
			);
			path = "festivalculc-appUITests";
			sourceTree = "<group>";
		};
/* End PBXGroup section */

/* Begin PBXNativeTarget section */
		493DB5312A98EF5F004EED2D /* festivalculc-app */ = {
			isa = PBXNativeTarget;
			buildConfigurationList = 493DB5562A98EF68004EED2D /* Build configuration list for PBXNativeTarget "festivalculc-app" */;
			buildPhases = (
				493DB52E2A98EF5F004EED2D /* Sources */,
				493DB52F2A98EF5F004EED2D /* Frameworks */,
				493DB5302A98EF5F004EED2D /* Resources */,
			);
			buildRules = (
			);
			dependencies = (
			);
			name = "festivalculc-app";
			productName = "festivalculc-app";
			productReference = 493DB5322A98EF5F004EED2D /* festivalculc-app.app */;
			productType = "com.apple.product-type.application";
		};
		493DB5412A98EF68004EED2D /* festivalculc-appTests */ = {
			isa = PBXNativeTarget;
			buildConfigurationList = 493DB5592A98EF68004EED2D /* Build configuration list for PBXNativeTarget "festivalculc-appTests" */;
			buildPhases = (
				493DB53E2A98EF68004EED2D /* Sources */,
				493DB53F2A98EF68004EED2D /* Frameworks */,
				493DB5402A98EF68004EED2D /* Resources */,
			);
			buildRules = (
			);
			dependencies = (
				493DB5442A98EF68004EED2D /* PBXTargetDependency */,
			);
			name = "festivalculc-appTests";
			productName = "festivalculc-appTests";
			productReference = 493DB5422A98EF68004EED2D /* festivalculc-appTests.xctest */;
			productType = "com.apple.product-type.bundle.unit-test";
		};
		493DB54B2A98EF68004EED2D /* festivalculc-appUITests */ = {
			isa = PBXNativeTarget;
			buildConfigurationList = 493DB55C2A98EF68004EED2D /* Build configuration list for PBXNativeTarget "festivalculc-appUITests" */;
			buildPhases = (
				493DB5482A98EF68004EED2D /* Sources */,
				493DB5492A98EF68004EED2D /* Frameworks */,
				493DB54A2A98EF68004EED2D /* Resources */,
			);
			buildRules = (
			);
			dependencies = (
				493DB54E2A98EF68004EED2D /* PBXTargetDependency */,
			);
			name = "festivalculc-appUITests";
			productName = "festivalculc-appUITests";
			productReference = 493DB54C2A98EF68004EED2D /* festivalculc-appUITests.xctest */;
			productType = "com.apple.product-type.bundle.ui-testing";
		};
/* End PBXNativeTarget section */

/* Begin PBXProject section */
		493DB52A2A98EF5F004EED2D /* Project object */ = {
			isa = PBXProject;
			attributes = {
				BuildIndependentTargetsInParallel = 1;
				LastSwiftUpdateCheck = 1400;
				LastUpgradeCheck = 1400;
				TargetAttributes = {
					493DB5312A98EF5F004EED2D = {
						CreatedOnToolsVersion = 14.0;
					};
					493DB5412A98EF68004EED2D = {
						CreatedOnToolsVersion = 14.0;
						TestTargetID = 493DB5312A98EF5F004EED2D;
					};
					493DB54B2A98EF68004EED2D = {
						CreatedOnToolsVersion = 14.0;
						TestTargetID = 493DB5312A98EF5F004EED2D;
					};
				};
			};
			buildConfigurationList = 493DB52D2A98EF5F004EED2D /* Build configuration list for PBXProject "festivalculc-app" */;
			compatibilityVersion = "Xcode 14.0";
			developmentRegion = en;
			hasScannedForEncodings = 0;
			knownRegions = (
				en,
				Base,
			);
			mainGroup = 493DB5292A98EF5E004EED2D;
			productRefGroup = 493DB5332A98EF5F004EED2D /* Products */;
			projectDirPath = "";
			projectRoot = "";
			targets = (
				493DB5312A98EF5F004EED2D /* festivalculc-app */,
				493DB5412A98EF68004EED2D /* festivalculc-appTests */,
				493DB54B2A98EF68004EED2D /* festivalculc-appUITests */,
			);
		};
/* End PBXProject section */

/* Begin PBXResourcesBuildPhase section */
		493DB5302A98EF5F004EED2D /* Resources */ = {
			isa = PBXResourcesBuildPhase;
			buildActionMask = 2147483647;
			files = (
				493DB53D2A98EF67004EED2D /* Preview Assets.xcassets in Resources */,
				493DB53A2A98EF67004EED2D /* Assets.xcassets in Resources */,
			);
			runOnlyForDeploymentPostprocessing = 0;
		};
		493DB5402A98EF68004EED2D /* Resources */ = {
			isa = PBXResourcesBuildPhase;
			buildActionMask = 2147483647;
			files = (
			);
			runOnlyForDeploymentPostprocessing = 0;
		};
		493DB54A2A98EF68004EED2D /* Resources */ = {
			isa = PBXResourcesBuildPhase;
			buildActionMask = 2147483647;
			files = (
			);
			runOnlyForDeploymentPostprocessing = 0;
		};
/* End PBXResourcesBuildPhase section */

/* Begin PBXSourcesBuildPhase section */
		493DB52E2A98EF5F004EED2D /* Sources */ = {
			isa = PBXSourcesBuildPhase;
			buildActionMask = 2147483647;
			files = (
				493DB5602A98FCDC004EED2D /* SettingsView.swift in Sources */,
				493DB5382A98EF60004EED2D /* ContentView.swift in Sources */,
				493DB5362A98EF60004EED2D /* festivalculc_appApp.swift in Sources */,
			);
			runOnlyForDeploymentPostprocessing = 0;
		};
		493DB53E2A98EF68004EED2D /* Sources */ = {
			isa = PBXSourcesBuildPhase;
			buildActionMask = 2147483647;
			files = (
				493DB5472A98EF68004EED2D /* festivalculc_appTests.swift in Sources */,
			);
			runOnlyForDeploymentPostprocessing = 0;
		};
		493DB5482A98EF68004EED2D /* Sources */ = {
			isa = PBXSourcesBuildPhase;
			buildActionMask = 2147483647;
			files = (
				493DB5512A98EF68004EED2D /* festivalculc_appUITests.swift in Sources */,
				493DB5532A98EF68004EED2D /* festivalculc_appUITestsLaunchTests.swift in Sources */,
			);
			runOnlyForDeploymentPostprocessing = 0;
		};
/* End PBXSourcesBuildPhase section */

/* Begin PBXTargetDependency section */
		493DB5442A98EF68004EED2D /* PBXTargetDependency */ = {
			isa = PBXTargetDependency;
			target = 493DB5312A98EF5F004EED2D /* festivalculc-app */;
			targetProxy = 493DB5432A98EF68004EED2D /* PBXContainerItemProxy */;
		};
		493DB54E2A98EF68004EED2D /* PBXTargetDependency */ = {
			isa = PBXTargetDependency;
			target = 493DB5312A98EF5F004EED2D /* festivalculc-app */;
			targetProxy = 493DB54D2A98EF68004EED2D /* PBXContainerItemProxy */;
		};
/* End PBXTargetDependency section */

/* Begin XCBuildConfiguration section */
		493DB5542A98EF68004EED2D /* Debug */ = {
			isa = XCBuildConfiguration;
			buildSettings = {
				ALWAYS_SEARCH_USER_PATHS = NO;
				CLANG_ANALYZER_NONNULL = YES;
				CLANG_ANALYZER_NUMBER_OBJECT_CONVERSION = YES_AGGRESSIVE;
				CLANG_CXX_LANGUAGE_STANDARD = "gnu++20";
				CLANG_ENABLE_MODULES = YES;
				CLANG_ENABLE_OBJC_ARC = YES;
				CLANG_ENABLE_OBJC_WEAK = YES;
				CLANG_WARN_BLOCK_CAPTURE_AUTORELEASING = YES;
				CLANG_WARN_BOOL_CONVERSION = YES;
				CLANG_WARN_COMMA = YES;
				CLANG_WARN_CONSTANT_CONVERSION = YES;
				CLANG_WARN_DEPRECATED_OBJC_IMPLEMENTATIONS = YES;
				CLANG_WARN_DIRECT_OBJC_ISA_USAGE = YES_ERROR;
				CLANG_WARN_DOCUMENTATION_COMMENTS = YES;
				CLANG_WARN_EMPTY_BODY = YES;
				CLANG_WARN_ENUM_CONVERSION = YES;
				CLANG_WARN_INFINITE_RECURSION = YES;
				CLANG_WARN_INT_CONVERSION = YES;
				CLANG_WARN_NON_LITERAL_NULL_CONVERSION = YES;
				CLANG_WARN_OBJC_IMPLICIT_RETAIN_SELF = YES;
				CLANG_WARN_OBJC_LITERAL_CONVERSION = YES;
				CLANG_WARN_OBJC_ROOT_CLASS = YES_ERROR;
				CLANG_WARN_QUOTED_INCLUDE_IN_FRAMEWORK_HEADER = YES;
				CLANG_WARN_RANGE_LOOP_ANALYSIS = YES;
				CLANG_WARN_STRICT_PROTOTYPES = YES;
				CLANG_WARN_SUSPICIOUS_MOVE = YES;
				CLANG_WARN_UNGUARDED_AVAILABILITY = YES_AGGRESSIVE;
				CLANG_WARN_UNREACHABLE_CODE = YES;
				CLANG_WARN__DUPLICATE_METHOD_MATCH = YES;
				COPY_PHASE_STRIP = NO;
				DEBUG_INFORMATION_FORMAT = dwarf;
				ENABLE_STRICT_OBJC_MSGSEND = YES;
				ENABLE_TESTABILITY = YES;
				GCC_C_LANGUAGE_STANDARD = gnu11;
				GCC_DYNAMIC_NO_PIC = NO;
				GCC_NO_COMMON_BLOCKS = YES;
				GCC_OPTIMIZATION_LEVEL = 0;
				GCC_PREPROCESSOR_DEFINITIONS = (
					"DEBUG=1",
					"$(inherited)",
				);
				GCC_WARN_64_TO_32_BIT_CONVERSION = YES;
				GCC_WARN_ABOUT_RETURN_TYPE = YES_ERROR;
				GCC_WARN_UNDECLARED_SELECTOR = YES;
				GCC_WARN_UNINITIALIZED_AUTOS = YES_AGGRESSIVE;
				GCC_WARN_UNUSED_FUNCTION = YES;
				GCC_WARN_UNUSED_VARIABLE = YES;
				IPHONEOS_DEPLOYMENT_TARGET = 16.0;
				MTL_ENABLE_DEBUG_INFO = INCLUDE_SOURCE;
				MTL_FAST_MATH = YES;
				ONLY_ACTIVE_ARCH = YES;
				SDKROOT = iphoneos;
				SWIFT_ACTIVE_COMPILATION_CONDITIONS = DEBUG;
				SWIFT_OPTIMIZATION_LEVEL = "-Onone";
			};
			name = Debug;
		};
		493DB5552A98EF68004EED2D /* Release */ = {
			isa = XCBuildConfiguration;
			buildSettings = {
				ALWAYS_SEARCH_USER_PATHS = NO;
				CLANG_ANALYZER_NONNULL = YES;
				CLANG_ANALYZER_NUMBER_OBJECT_CONVERSION = YES_AGGRESSIVE;
				CLANG_CXX_LANGUAGE_STANDARD = "gnu++20";
				CLANG_ENABLE_MODULES = YES;
				CLANG_ENABLE_OBJC_ARC = YES;
				CLANG_ENABLE_OBJC_WEAK = YES;
				CLANG_WARN_BLOCK_CAPTURE_AUTORELEASING = YES;
				CLANG_WARN_BOOL_CONVERSION = YES;
				CLANG_WARN_COMMA = YES;
				CLANG_WARN_CONSTANT_CONVERSION = YES;
				CLANG_WARN_DEPRECATED_OBJC_IMPLEMENTATIONS = YES;
				CLANG_WARN_DIRECT_OBJC_ISA_USAGE = YES_ERROR;
				CLANG_WARN_DOCUMENTATION_COMMENTS = YES;
				CLANG_WARN_EMPTY_BODY = YES;
				CLANG_WARN_ENUM_CONVERSION = YES;
				CLANG_WARN_INFINITE_RECURSION = YES;
				CLANG_WARN_INT_CONVERSION = YES;
				CLANG_WARN_NON_LITERAL_NULL_CONVERSION = YES;
				CLANG_WARN_OBJC_IMPLICIT_RETAIN_SELF = YES;
				CLANG_WARN_OBJC_LITERAL_CONVERSION = YES;
				CLANG_WARN_OBJC_ROOT_CLASS = YES_ERROR;
				CLANG_WARN_QUOTED_INCLUDE_IN_FRAMEWORK_HEADER = YES;
				CLANG_WARN_RANGE_LOOP_ANALYSIS = YES;
				CLANG_WARN_STRICT_PROTOTYPES = YES;
				CLANG_WARN_SUSPICIOUS_MOVE = YES;
				CLANG_WARN_UNGUARDED_AVAILABILITY = YES_AGGRESSIVE;
				CLANG_WARN_UNREACHABLE_CODE = YES;
				CLANG_WARN__DUPLICATE_METHOD_MATCH = YES;
				COPY_PHASE_STRIP = NO;
				DEBUG_INFORMATION_FORMAT = "dwarf-with-dsym";
				ENABLE_NS_ASSERTIONS = NO;
				ENABLE_STRICT_OBJC_MSGSEND = YES;
				GCC_C_LANGUAGE_STANDARD = gnu11;
				GCC_NO_COMMON_BLOCKS = YES;
				GCC_WARN_64_TO_32_BIT_CONVERSION = YES;
				GCC_WARN_ABOUT_RETURN_TYPE = YES_ERROR;
				GCC_WARN_UNDECLARED_SELECTOR = YES;
				GCC_WARN_UNINITIALIZED_AUTOS = YES_AGGRESSIVE;
				GCC_WARN_UNUSED_FUNCTION = YES;
				GCC_WARN_UNUSED_VARIABLE = YES;
				IPHONEOS_DEPLOYMENT_TARGET = 16.0;
				MTL_ENABLE_DEBUG_INFO = NO;
				MTL_FAST_MATH = YES;
				SDKROOT = iphoneos;
				SWIFT_COMPILATION_MODE = wholemodule;
				SWIFT_OPTIMIZATION_LEVEL = "-O";
				VALIDATE_PRODUCT = YES;
			};
			name = Release;
		};
		493DB5572A98EF68004EED2D /* Debug */ = {
			isa = XCBuildConfiguration;
			buildSettings = {
				ASSETCATALOG_COMPILER_APPICON_NAME = AppIcon;
				ASSETCATALOG_COMPILER_GLOBAL_ACCENT_COLOR_NAME = AccentColor;
				CODE_SIGN_STYLE = Automatic;
				CURRENT_PROJECT_VERSION = 1;
				DEVELOPMENT_ASSET_PATHS = "\"festivalculc-app/Preview Content\"";
				DEVELOPMENT_TEAM = TG7ZT9HQL4;
				ENABLE_PREVIEWS = YES;
				GENERATE_INFOPLIST_FILE = YES;
				INFOPLIST_KEY_UIApplicationSceneManifest_Generation = YES;
				INFOPLIST_KEY_UIApplicationSupportsIndirectInputEvents = YES;
				INFOPLIST_KEY_UILaunchScreen_Generation = YES;
				INFOPLIST_KEY_UISupportedInterfaceOrientations_iPad = "UIInterfaceOrientationPortrait UIInterfaceOrientationPortraitUpsideDown UIInterfaceOrientationLandscapeLeft UIInterfaceOrientationLandscapeRight";
				INFOPLIST_KEY_UISupportedInterfaceOrientations_iPhone = "UIInterfaceOrientationPortrait UIInterfaceOrientationLandscapeLeft UIInterfaceOrientationLandscapeRight";
				LD_RUNPATH_SEARCH_PATHS = (
					"$(inherited)",
					"@executable_path/Frameworks",
				);
				MARKETING_VERSION = 1.0;
				PRODUCT_BUNDLE_IDENTIFIER = "oyunomin.festivalculc-app";
				PRODUCT_NAME = "$(TARGET_NAME)";
				SWIFT_EMIT_LOC_STRINGS = YES;
				SWIFT_VERSION = 5.0;
				TARGETED_DEVICE_FAMILY = "1,2";
			};
			name = Debug;
		};
		493DB5582A98EF68004EED2D /* Release */ = {
			isa = XCBuildConfiguration;
			buildSettings = {
				ASSETCATALOG_COMPILER_APPICON_NAME = AppIcon;
				ASSETCATALOG_COMPILER_GLOBAL_ACCENT_COLOR_NAME = AccentColor;
				CODE_SIGN_STYLE = Automatic;
				CURRENT_PROJECT_VERSION = 1;
				DEVELOPMENT_ASSET_PATHS = "\"festivalculc-app/Preview Content\"";
				DEVELOPMENT_TEAM = TG7ZT9HQL4;
				ENABLE_PREVIEWS = YES;
				GENERATE_INFOPLIST_FILE = YES;
				INFOPLIST_KEY_UIApplicationSceneManifest_Generation = YES;
				INFOPLIST_KEY_UIApplicationSupportsIndirectInputEvents = YES;
				INFOPLIST_KEY_UILaunchScreen_Generation = YES;
				INFOPLIST_KEY_UISupportedInterfaceOrientations_iPad = "UIInterfaceOrientationPortrait UIInterfaceOrientationPortraitUpsideDown UIInterfaceOrientationLandscapeLeft UIInterfaceOrientationLandscapeRight";
				INFOPLIST_KEY_UISupportedInterfaceOrientations_iPhone = "UIInterfaceOrientationPortrait UIInterfaceOrientationLandscapeLeft UIInterfaceOrientationLandscapeRight";
				LD_RUNPATH_SEARCH_PATHS = (
					"$(inherited)",
					"@executable_path/Frameworks",
				);
				MARKETING_VERSION = 1.0;
				PRODUCT_BUNDLE_IDENTIFIER = "oyunomin.festivalculc-app";
				PRODUCT_NAME = "$(TARGET_NAME)";
				SWIFT_EMIT_LOC_STRINGS = YES;
				SWIFT_VERSION = 5.0;
				TARGETED_DEVICE_FAMILY = "1,2";
			};
			name = Release;
		};
		493DB55A2A98EF68004EED2D /* Debug */ = {
			isa = XCBuildConfiguration;
			buildSettings = {
				ALWAYS_EMBED_SWIFT_STANDARD_LIBRARIES = YES;
				BUNDLE_LOADER = "$(TEST_HOST)";
				CODE_SIGN_STYLE = Automatic;
				CURRENT_PROJECT_VERSION = 1;
				GENERATE_INFOPLIST_FILE = YES;
				IPHONEOS_DEPLOYMENT_TARGET = 16.0;
				MARKETING_VERSION = 1.0;
				PRODUCT_BUNDLE_IDENTIFIER = "oyunomin.festivalculc-appTests";
				PRODUCT_NAME = "$(TARGET_NAME)";
				SWIFT_EMIT_LOC_STRINGS = NO;
				SWIFT_VERSION = 5.0;
				TARGETED_DEVICE_FAMILY = "1,2";
				TEST_HOST = "$(BUILT_PRODUCTS_DIR)/festivalculc-app.app/$(BUNDLE_EXECUTABLE_FOLDER_PATH)/festivalculc-app";
			};
			name = Debug;
		};
		493DB55B2A98EF68004EED2D /* Release */ = {
			isa = XCBuildConfiguration;
			buildSettings = {
				ALWAYS_EMBED_SWIFT_STANDARD_LIBRARIES = YES;
				BUNDLE_LOADER = "$(TEST_HOST)";
				CODE_SIGN_STYLE = Automatic;
				CURRENT_PROJECT_VERSION = 1;
				GENERATE_INFOPLIST_FILE = YES;
				IPHONEOS_DEPLOYMENT_TARGET = 16.0;
				MARKETING_VERSION = 1.0;
				PRODUCT_BUNDLE_IDENTIFIER = "oyunomin.festivalculc-appTests";
				PRODUCT_NAME = "$(TARGET_NAME)";
				SWIFT_EMIT_LOC_STRINGS = NO;
				SWIFT_VERSION = 5.0;
				TARGETED_DEVICE_FAMILY = "1,2";
				TEST_HOST = "$(BUILT_PRODUCTS_DIR)/festivalculc-app.app/$(BUNDLE_EXECUTABLE_FOLDER_PATH)/festivalculc-app";
			};
			name = Release;
		};
		493DB55D2A98EF68004EED2D /* Debug */ = {
			isa = XCBuildConfiguration;
			buildSettings = {
				ALWAYS_EMBED_SWIFT_STANDARD_LIBRARIES = YES;
				CODE_SIGN_STYLE = Automatic;
				CURRENT_PROJECT_VERSION = 1;
				GENERATE_INFOPLIST_FILE = YES;
				MARKETING_VERSION = 1.0;
				PRODUCT_BUNDLE_IDENTIFIER = "oyunomin.festivalculc-appUITests";
				PRODUCT_NAME = "$(TARGET_NAME)";
				SWIFT_EMIT_LOC_STRINGS = NO;
				SWIFT_VERSION = 5.0;
				TARGETED_DEVICE_FAMILY = "1,2";
				TEST_TARGET_NAME = "festivalculc-app";
			};
			name = Debug;
		};
		493DB55E2A98EF68004EED2D /* Release */ = {
			isa = XCBuildConfiguration;
			buildSettings = {
				ALWAYS_EMBED_SWIFT_STANDARD_LIBRARIES = YES;
				CODE_SIGN_STYLE = Automatic;
				CURRENT_PROJECT_VERSION = 1;
				GENERATE_INFOPLIST_FILE = YES;
				MARKETING_VERSION = 1.0;
				PRODUCT_BUNDLE_IDENTIFIER = "oyunomin.festivalculc-appUITests";
				PRODUCT_NAME = "$(TARGET_NAME)";
				SWIFT_EMIT_LOC_STRINGS = NO;
				SWIFT_VERSION = 5.0;
				TARGETED_DEVICE_FAMILY = "1,2";
				TEST_TARGET_NAME = "festivalculc-app";
			};
			name = Release;
		};
/* End XCBuildConfiguration section */

/* Begin XCConfigurationList section */
		493DB52D2A98EF5F004EED2D /* Build configuration list for PBXProject "festivalculc-app" */ = {
			isa = XCConfigurationList;
			buildConfigurations = (
				493DB5542A98EF68004EED2D /* Debug */,
				493DB5552A98EF68004EED2D /* Release */,
			);
			defaultConfigurationIsVisible = 0;
			defaultConfigurationName = Release;
		};
		493DB5562A98EF68004EED2D /* Build configuration list for PBXNativeTarget "festivalculc-app" */ = {
			isa = XCConfigurationList;
			buildConfigurations = (
				493DB5572A98EF68004EED2D /* Debug */,
				493DB5582A98EF68004EED2D /* Release */,
			);
			defaultConfigurationIsVisible = 0;
			defaultConfigurationName = Release;
		};
		493DB5592A98EF68004EED2D /* Build configuration list for PBXNativeTarget "festivalculc-appTests" */ = {
			isa = XCConfigurationList;
			buildConfigurations = (
				493DB55A2A98EF68004EED2D /* Debug */,
				493DB55B2A98EF68004EED2D /* Release */,
			);
			defaultConfigurationIsVisible = 0;
			defaultConfigurationName = Release;
		};
		493DB55C2A98EF68004EED2D /* Build configuration list for PBXNativeTarget "festivalculc-appUITests" */ = {
			isa = XCConfigurationList;
			buildConfigurations = (
				493DB55D2A98EF68004EED2D /* Debug */,
				493DB55E2A98EF68004EED2D /* Release */,
			);
			defaultConfigurationIsVisible = 0;
			defaultConfigurationName = Release;
		};
/* End XCConfigurationList section */
	};
	rootObject = 493DB52A2A98EF5F004EED2D /* Project object */;
}
